
Microsoft Visual Studio Solution File, Format Version 12.00
# Visual Studio 15
VisualStudioVersion = 15.0.27703.2035
MinimumVisualStudioVersion = 10.0.40219.1
Project("{FAE04EC0-301F-11D3-BF4B-00C04F79EFBC}") = "VkApi", "VkApi\VkApi.csproj", "{9B4D9520-8B5B-4994-A9E1-43073170F880}"
EndProject
Project("{FAE04EC0-301F-11D3-BF4B-00C04F79EFBC}") = "VkBot", "VkBot\VkBot.csproj", "{7A7664B5-DD84-4E0F-BA86-02CD8C12515E}"
EndProject
Project("{FAE04EC0-301F-11D3-BF4B-00C04F79EFBC}") = "VkCallbackApi", "VkCallbackApi\VkCallbackApi.csproj", "{16CE9000-6534-4656-A72B-095EC6FD080C}"
EndProject
Global
	GlobalSection(SolutionConfigurationPlatforms) = preSolution
		Debug|Any CPU = Debug|Any CPU
		Release|Any CPU = Release|Any CPU
	EndGlobalSection
	GlobalSection(ProjectConfigurationPlatforms) = postSolution
		{9B4D9520-8B5B-4994-A9E1-43073170F880}.Debug|Any CPU.ActiveCfg = Debug|Any CPU
		{9B4D9520-8B5B-4994-A9E1-43073170F880}.Debug|Any CPU.Build.0 = Debug|Any CPU
		{9B4D9520-8B5B-4994-A9E1-43073170F880}.Release|Any CPU.ActiveCfg = Release|Any CPU
		{9B4D9520-8B5B-4994-A9E1-43073170F880}.Release|Any CPU.Build.0 = Release|Any CPU
		{7A7664B5-DD84-4E0F-BA86-02CD8C12515E}.Debug|Any CPU.ActiveCfg = Debug|Any CPU
		{7A7664B5-DD84-4E0F-BA86-02CD8C12515E}.Debug|Any CPU.Build.0 = Debug|Any CPU
		{7A7664B5-DD84-4E0F-BA86-02CD8C12515E}.Release|Any CPU.ActiveCfg = Release|Any CPU
		{7A7664B5-DD84-4E0F-BA86-02CD8C12515E}.Release|Any CPU.Build.0 = Release|Any CPU
		{16CE9000-6534-4656-A72B-095EC6FD080C}.Debug|Any CPU.ActiveCfg = Debug|Any CPU
		{16CE9000-6534-4656-A72B-095EC6FD080C}.Debug|Any CPU.Build.0 = Debug|Any CPU
		{16CE9000-6534-4656-A72B-095EC6FD080C}.Release|Any CPU.ActiveCfg = Release|Any CPU
		{16CE9000-6534-4656-A72B-095EC6FD080C}.Release|Any CPU.Build.0 = Release|Any CPU
	EndGlobalSection
	GlobalSection(SolutionProperties) = preSolution
		HideSolutionNode = FALSE
	EndGlobalSection
	GlobalSection(ExtensibilityGlobals) = postSolution
		SolutionGuid = {47D9580D-85E9-4B8F-81F4-710B0C081232}
	EndGlobalSection
EndGlobal
